
Microsoft Visual Studio Solution File, Format Version 12.00
# Visual Studio Version 17
VisualStudioVersion = 17.8.34330.188
MinimumVisualStudioVersion = 10.0.40219.1
Project("{F184B08F-C81C-45F6-A57F-5ABD9991F28F}") = "CapaPresentacion", "CapaPresentacion\CapaPresentacion.vbproj", "{45DAB763-AA84-4FB8-82D1-C4B9BAE1A692}"
EndProject
Global
	GlobalSection(SolutionConfigurationPlatforms) = preSolution
		Debug|Any CPU = Debug|Any CPU
		Release|Any CPU = Release|Any CPU
	EndGlobalSection
	GlobalSection(ProjectConfigurationPlatforms) = postSolution
		{45DAB763-AA84-4FB8-82D1-C4B9BAE1A692}.Debug|Any CPU.ActiveCfg = Debug|Any CPU
		{45DAB763-AA84-4FB8-82D1-C4B9BAE1A692}.Debug|Any CPU.Build.0 = Debug|Any CPU
		{45DAB763-AA84-4FB8-82D1-C4B9BAE1A692}.Release|Any CPU.ActiveCfg = Release|Any CPU
		{45DAB763-AA84-4FB8-82D1-C4B9BAE1A692}.Release|Any CPU.Build.0 = Release|Any CPU
	EndGlobalSection
	GlobalSection(SolutionProperties) = preSolution
		HideSolutionNode = FALSE
	EndGlobalSection
	GlobalSection(ExtensibilityGlobals) = postSolution
		SolutionGuid = {14FD0D09-CBF6-43F8-83EF-3023FDAEE54A}
	EndGlobalSection
EndGlobal
